
Microsoft Visual Studio Solution File, Format Version 12.00
# Visual Studio Version 17
VisualStudioVersion = 17.1.32228.430
MinimumVisualStudioVersion = 10.0.40219.1
Project("{9A19103F-16F7-4668-BE54-9A1E7A4F7556}") = "Leetcode2023", "Leetcode2023\Leetcode2023.csproj", "{1DD869F0-A100-4A04-8E27-55D8116AAA7A}"
EndProject
Project("{9A19103F-16F7-4668-BE54-9A1E7A4F7556}") = "Jan", "Jan\Jan.csproj", "{D6518CB3-825D-43E0-B40C-EA454006196F}"
EndProject
Project("{9A19103F-16F7-4668-BE54-9A1E7A4F7556}") = "Feb", "Feb\Feb.csproj", "{198B3322-7037-46FE-A80A-55CC69D9597A}"
EndProject
Project("{9A19103F-16F7-4668-BE54-9A1E7A4F7556}") = "Mar", "Mar\Mar.csproj", "{11F26678-30EF-472D-A71B-E81F467FE225}"
EndProject
Project("{9A19103F-16F7-4668-BE54-9A1E7A4F7556}") = "Common", "..\LeetCodeWeekly\LeetCode\Common\Common.csproj", "{5CF66A28-F664-49C4-A973-0088BED4CA03}"
EndProject
Project("{9A19103F-16F7-4668-BE54-9A1E7A4F7556}") = "April", "April\April.csproj", "{6FF6A7CC-4994-4786-BCFD-F05485EC8A2B}"
EndProject
Project("{9A19103F-16F7-4668-BE54-9A1E7A4F7556}") = "May", "May\May.csproj", "{DE26087E-38A7-4F9F-8EA3-EF87ACB56996}"
EndProject
Project("{9A19103F-16F7-4668-BE54-9A1E7A4F7556}") = "Jun", "Jun\Jun.csproj", "{85A884A0-1606-4E28-941A-EEA106E91ECC}"
EndProject
Project("{9A19103F-16F7-4668-BE54-9A1E7A4F7556}") = "ForestFire", "ForestFire\ForestFire.csproj", "{774ED741-8F97-46CE-95D3-06EDAC461983}"
EndProject
Project("{FAE04EC0-301F-11D3-BF4B-00C04F79EFBC}") = "Jul", "Jul\Jul.csproj", "{703FF52B-E0A3-48C2-AAB0-30A74DB9E6D4}"
EndProject
Global
	GlobalSection(SolutionConfigurationPlatforms) = preSolution
		Debug|Any CPU = Debug|Any CPU
		Release|Any CPU = Release|Any CPU
	EndGlobalSection
	GlobalSection(ProjectConfigurationPlatforms) = postSolution
		{1DD869F0-A100-4A04-8E27-55D8116AAA7A}.Debug|Any CPU.ActiveCfg = Debug|Any CPU
		{1DD869F0-A100-4A04-8E27-55D8116AAA7A}.Debug|Any CPU.Build.0 = Debug|Any CPU
		{1DD869F0-A100-4A04-8E27-55D8116AAA7A}.Release|Any CPU.ActiveCfg = Release|Any CPU
		{1DD869F0-A100-4A04-8E27-55D8116AAA7A}.Release|Any CPU.Build.0 = Release|Any CPU
		{D6518CB3-825D-43E0-B40C-EA454006196F}.Debug|Any CPU.ActiveCfg = Debug|Any CPU
		{D6518CB3-825D-43E0-B40C-EA454006196F}.Debug|Any CPU.Build.0 = Debug|Any CPU
		{D6518CB3-825D-43E0-B40C-EA454006196F}.Release|Any CPU.ActiveCfg = Release|Any CPU
		{D6518CB3-825D-43E0-B40C-EA454006196F}.Release|Any CPU.Build.0 = Release|Any CPU
		{198B3322-7037-46FE-A80A-55CC69D9597A}.Debug|Any CPU.ActiveCfg = Debug|Any CPU
		{198B3322-7037-46FE-A80A-55CC69D9597A}.Debug|Any CPU.Build.0 = Debug|Any CPU
		{198B3322-7037-46FE-A80A-55CC69D9597A}.Release|Any CPU.ActiveCfg = Release|Any CPU
		{198B3322-7037-46FE-A80A-55CC69D9597A}.Release|Any CPU.Build.0 = Release|Any CPU
		{11F26678-30EF-472D-A71B-E81F467FE225}.Debug|Any CPU.ActiveCfg = Debug|Any CPU
		{11F26678-30EF-472D-A71B-E81F467FE225}.Debug|Any CPU.Build.0 = Debug|Any CPU
		{11F26678-30EF-472D-A71B-E81F467FE225}.Release|Any CPU.ActiveCfg = Release|Any CPU
		{11F26678-30EF-472D-A71B-E81F467FE225}.Release|Any CPU.Build.0 = Release|Any CPU
		{5CF66A28-F664-49C4-A973-0088BED4CA03}.Debug|Any CPU.ActiveCfg = Debug|Any CPU
		{5CF66A28-F664-49C4-A973-0088BED4CA03}.Debug|Any CPU.Build.0 = Debug|Any CPU
		{5CF66A28-F664-49C4-A973-0088BED4CA03}.Release|Any CPU.ActiveCfg = Release|Any CPU
		{5CF66A28-F664-49C4-A973-0088BED4CA03}.Release|Any CPU.Build.0 = Release|Any CPU
		{6FF6A7CC-4994-4786-BCFD-F05485EC8A2B}.Debug|Any CPU.ActiveCfg = Debug|Any CPU
		{6FF6A7CC-4994-4786-BCFD-F05485EC8A2B}.Debug|Any CPU.Build.0 = Debug|Any CPU
		{6FF6A7CC-4994-4786-BCFD-F05485EC8A2B}.Release|Any CPU.ActiveCfg = Release|Any CPU
		{6FF6A7CC-4994-4786-BCFD-F05485EC8A2B}.Release|Any CPU.Build.0 = Release|Any CPU
		{DE26087E-38A7-4F9F-8EA3-EF87ACB56996}.Debug|Any CPU.ActiveCfg = Debug|Any CPU
		{DE26087E-38A7-4F9F-8EA3-EF87ACB56996}.Debug|Any CPU.Build.0 = Debug|Any CPU
		{DE26087E-38A7-4F9F-8EA3-EF87ACB56996}.Release|Any CPU.ActiveCfg = Release|Any CPU
		{DE26087E-38A7-4F9F-8EA3-EF87ACB56996}.Release|Any CPU.Build.0 = Release|Any CPU
		{85A884A0-1606-4E28-941A-EEA106E91ECC}.Debug|Any CPU.ActiveCfg = Debug|Any CPU
		{85A884A0-1606-4E28-941A-EEA106E91ECC}.Debug|Any CPU.Build.0 = Debug|Any CPU
		{85A884A0-1606-4E28-941A-EEA106E91ECC}.Release|Any CPU.ActiveCfg = Release|Any CPU
		{85A884A0-1606-4E28-941A-EEA106E91ECC}.Release|Any CPU.Build.0 = Release|Any CPU
		{774ED741-8F97-46CE-95D3-06EDAC461983}.Debug|Any CPU.ActiveCfg = Debug|Any CPU
		{774ED741-8F97-46CE-95D3-06EDAC461983}.Debug|Any CPU.Build.0 = Debug|Any CPU
		{774ED741-8F97-46CE-95D3-06EDAC461983}.Release|Any CPU.ActiveCfg = Release|Any CPU
		{774ED741-8F97-46CE-95D3-06EDAC461983}.Release|Any CPU.Build.0 = Release|Any CPU
		{703FF52B-E0A3-48C2-AAB0-30A74DB9E6D4}.Debug|Any CPU.ActiveCfg = Debug|Any CPU
		{703FF52B-E0A3-48C2-AAB0-30A74DB9E6D4}.Debug|Any CPU.Build.0 = Debug|Any CPU
		{703FF52B-E0A3-48C2-AAB0-30A74DB9E6D4}.Release|Any CPU.ActiveCfg = Release|Any CPU
		{703FF52B-E0A3-48C2-AAB0-30A74DB9E6D4}.Release|Any CPU.Build.0 = Release|Any CPU
	EndGlobalSection
	GlobalSection(SolutionProperties) = preSolution
		HideSolutionNode = FALSE
	EndGlobalSection
	GlobalSection(ExtensibilityGlobals) = postSolution
		SolutionGuid = {2AEA675D-FF60-49B9-BB3C-9D2F3CC8F573}
	EndGlobalSection
EndGlobal
